
Microsoft Visual Studio Solution File, Format Version 12.00
# Visual Studio Version 17
VisualStudioVersion = 17.0.31903.59
MinimumVisualStudioVersion = 10.0.40219.1
Project("{FAE04EC0-301F-11D3-BF4B-00C04F79EFBC}") = "MTM_Waitlist", "MTM_Waitlist.csproj", "{2B04F0A0-892C-49F1-9DF6-062FD46EDE8D}"
EndProject
Project("{FAE04EC0-301F-11D3-BF4B-00C04F79EFBC}") = "MTM_Waitlist.Tests", "MTM_Waitlist.Tests\MTM_Waitlist.Tests.csproj", "{D32330BE-3B1D-4686-90BB-11439B32CCA1}"
EndProject
Project("{FAE04EC0-301F-11D3-BF4B-00C04F79EFBC}") = "MTM_Waitlist.Core", "MTM_Waitlist.Core\MTM_Waitlist.Core.csproj", "{8CD69DA5-23AA-4917-9092-F35800F333AF}"
EndProject
Project("{FAE04EC0-301F-11D3-BF4B-00C04F79EFBC}") = "MTM_Waitlist.Startup", "MTM_Waitlist.Startup\MTM_Waitlist.Startup.csproj", "{D3755DB8-6C4C-4766-B8F9-2B384A52A281}"
EndProject
Project("{FAE04EC0-301F-11D3-BF4B-00C04F79EFBC}") = "MTM_Waitlist.Shared", "MTM_Waitlist.Shared\MTM_Waitlist.Shared.csproj", "{8B74856C-51CC-4AAA-B17F-B42B8DCCB3C0}"
EndProject
Project("{FAE04EC0-301F-11D3-BF4B-00C04F79EFBC}") = "MTM_Waitlist.Setup", "MTM_Waitlist.Setup\MTM_Waitlist.Setup.csproj", "{17684779-0856-4C17-8111-BCD279381DB5}"
EndProject
Project("{FAE04EC0-301F-11D3-BF4B-00C04F79EFBC}") = "MTM_Waitlist.Settings", "MTM_Waitlist.Settings\MTM_Waitlist.Settings.csproj", "{9049BE20-8D16-4364-8047-B652016D6A60}"
EndProject
Project("{FAE04EC0-301F-11D3-BF4B-00C04F79EFBC}") = "MTM_Waitlist.Waitlist", "MTM_Waitlist.Waitlist\MTM_Waitlist.Waitlist.csproj", "{800EDBCE-8BE8-4AF8-9C1F-AC23BFE8FE98}"
EndProject
Project("{FAE04EC0-301F-11D3-BF4B-00C04F79EFBC}") = "MTM_Waitlist.Reporting", "MTM_Waitlist.Reporting\MTM_Waitlist.Reporting.csproj", "{507A4F30-B0BF-4C49-9A70-D926708F69AB}"
EndProject
Global
	GlobalSection(SolutionConfigurationPlatforms) = preSolution
		Debug|Any CPU = Debug|Any CPU
		Debug|x64 = Debug|x64
		Debug|x86 = Debug|x86
		Release|Any CPU = Release|Any CPU
		Release|x64 = Release|x64
		Release|x86 = Release|x86
	EndGlobalSection
	GlobalSection(ProjectConfigurationPlatforms) = postSolution
		{2B04F0A0-892C-49F1-9DF6-062FD46EDE8D}.Debug|Any CPU.ActiveCfg = Debug|x64
		{2B04F0A0-892C-49F1-9DF6-062FD46EDE8D}.Debug|Any CPU.Build.0 = Debug|x64
		{2B04F0A0-892C-49F1-9DF6-062FD46EDE8D}.Debug|x64.ActiveCfg = Debug|x64
		{2B04F0A0-892C-49F1-9DF6-062FD46EDE8D}.Debug|x64.Build.0 = Debug|x64
		{2B04F0A0-892C-49F1-9DF6-062FD46EDE8D}.Debug|x86.ActiveCfg = Debug|x64
		{2B04F0A0-892C-49F1-9DF6-062FD46EDE8D}.Debug|x86.Build.0 = Debug|x64
		{2B04F0A0-892C-49F1-9DF6-062FD46EDE8D}.Release|Any CPU.ActiveCfg = Release|x64
		{2B04F0A0-892C-49F1-9DF6-062FD46EDE8D}.Release|Any CPU.Build.0 = Release|x64
		{2B04F0A0-892C-49F1-9DF6-062FD46EDE8D}.Release|x64.ActiveCfg = Release|x64
		{2B04F0A0-892C-49F1-9DF6-062FD46EDE8D}.Release|x64.Build.0 = Release|x64
		{2B04F0A0-892C-49F1-9DF6-062FD46EDE8D}.Release|x86.ActiveCfg = Release|x64
		{2B04F0A0-892C-49F1-9DF6-062FD46EDE8D}.Release|x86.Build.0 = Release|x64
		{D32330BE-3B1D-4686-90BB-11439B32CCA1}.Debug|Any CPU.ActiveCfg = Debug|x64
		{D32330BE-3B1D-4686-90BB-11439B32CCA1}.Debug|Any CPU.Build.0 = Debug|x64
		{D32330BE-3B1D-4686-90BB-11439B32CCA1}.Debug|x64.ActiveCfg = Debug|x64
		{D32330BE-3B1D-4686-90BB-11439B32CCA1}.Debug|x64.Build.0 = Debug|x64
		{D32330BE-3B1D-4686-90BB-11439B32CCA1}.Debug|x86.ActiveCfg = Debug|x64
		{D32330BE-3B1D-4686-90BB-11439B32CCA1}.Debug|x86.Build.0 = Debug|x64
		{D32330BE-3B1D-4686-90BB-11439B32CCA1}.Release|Any CPU.ActiveCfg = Release|x64
		{D32330BE-3B1D-4686-90BB-11439B32CCA1}.Release|Any CPU.Build.0 = Release|x64
		{D32330BE-3B1D-4686-90BB-11439B32CCA1}.Release|x64.ActiveCfg = Release|x64
		{D32330BE-3B1D-4686-90BB-11439B32CCA1}.Release|x64.Build.0 = Release|x64
		{D32330BE-3B1D-4686-90BB-11439B32CCA1}.Release|x86.ActiveCfg = Release|x64
		{D32330BE-3B1D-4686-90BB-11439B32CCA1}.Release|x86.Build.0 = Release|x64
		{8CD69DA5-23AA-4917-9092-F35800F333AF}.Debug|Any CPU.ActiveCfg = Debug|x64
		{8CD69DA5-23AA-4917-9092-F35800F333AF}.Debug|Any CPU.Build.0 = Debug|x64
		{8CD69DA5-23AA-4917-9092-F35800F333AF}.Debug|x64.ActiveCfg = Debug|x64
		{8CD69DA5-23AA-4917-9092-F35800F333AF}.Debug|x64.Build.0 = Debug|x64
		{8CD69DA5-23AA-4917-9092-F35800F333AF}.Debug|x86.ActiveCfg = Debug|x64
		{8CD69DA5-23AA-4917-9092-F35800F333AF}.Debug|x86.Build.0 = Debug|x64
		{8CD69DA5-23AA-4917-9092-F35800F333AF}.Release|Any CPU.ActiveCfg = Release|x64
		{8CD69DA5-23AA-4917-9092-F35800F333AF}.Release|Any CPU.Build.0 = Release|x64
		{8CD69DA5-23AA-4917-9092-F35800F333AF}.Release|x64.ActiveCfg = Release|x64
		{8CD69DA5-23AA-4917-9092-F35800F333AF}.Release|x64.Build.0 = Release|x64
		{8CD69DA5-23AA-4917-9092-F35800F333AF}.Release|x86.ActiveCfg = Release|x64
		{8CD69DA5-23AA-4917-9092-F35800F333AF}.Release|x86.Build.0 = Release|x64
		{D3755DB8-6C4C-4766-B8F9-2B384A52A281}.Debug|Any CPU.ActiveCfg = Debug|x64
		{D3755DB8-6C4C-4766-B8F9-2B384A52A281}.Debug|Any CPU.Build.0 = Debug|x64
		{D3755DB8-6C4C-4766-B8F9-2B384A52A281}.Debug|x64.ActiveCfg = Debug|x64
		{D3755DB8-6C4C-4766-B8F9-2B384A52A281}.Debug|x64.Build.0 = Debug|x64
		{D3755DB8-6C4C-4766-B8F9-2B384A52A281}.Debug|x86.ActiveCfg = Debug|x64
		{D3755DB8-6C4C-4766-B8F9-2B384A52A281}.Debug|x86.Build.0 = Debug|x64
		{D3755DB8-6C4C-4766-B8F9-2B384A52A281}.Release|Any CPU.ActiveCfg = Release|x64
		{D3755DB8-6C4C-4766-B8F9-2B384A52A281}.Release|Any CPU.Build.0 = Release|x64
		{D3755DB8-6C4C-4766-B8F9-2B384A52A281}.Release|x64.ActiveCfg = Release|x64
		{D3755DB8-6C4C-4766-B8F9-2B384A52A281}.Release|x64.Build.0 = Release|x64
		{D3755DB8-6C4C-4766-B8F9-2B384A52A281}.Release|x86.ActiveCfg = Release|x64
		{D3755DB8-6C4C-4766-B8F9-2B384A52A281}.Release|x86.Build.0 = Release|x64
		{8B74856C-51CC-4AAA-B17F-B42B8DCCB3C0}.Debug|Any CPU.ActiveCfg = Debug|x64
		{8B74856C-51CC-4AAA-B17F-B42B8DCCB3C0}.Debug|Any CPU.Build.0 = Debug|x64
		{8B74856C-51CC-4AAA-B17F-B42B8DCCB3C0}.Debug|x64.ActiveCfg = Debug|x64
		{8B74856C-51CC-4AAA-B17F-B42B8DCCB3C0}.Debug|x64.Build.0 = Debug|x64
		{8B74856C-51CC-4AAA-B17F-B42B8DCCB3C0}.Debug|x86.ActiveCfg = Debug|x64
		{8B74856C-51CC-4AAA-B17F-B42B8DCCB3C0}.Debug|x86.Build.0 = Debug|x64
		{8B74856C-51CC-4AAA-B17F-B42B8DCCB3C0}.Release|Any CPU.ActiveCfg = Release|x64
		{8B74856C-51CC-4AAA-B17F-B42B8DCCB3C0}.Release|Any CPU.Build.0 = Release|x64
		{8B74856C-51CC-4AAA-B17F-B42B8DCCB3C0}.Release|x64.ActiveCfg = Release|x64
		{8B74856C-51CC-4AAA-B17F-B42B8DCCB3C0}.Release|x64.Build.0 = Release|x64
		{8B74856C-51CC-4AAA-B17F-B42B8DCCB3C0}.Release|x86.ActiveCfg = Release|x64
		{8B74856C-51CC-4AAA-B17F-B42B8DCCB3C0}.Release|x86.Build.0 = Release|x64
		{17684779-0856-4C17-8111-BCD279381DB5}.Debug|Any CPU.ActiveCfg = Debug|x64
		{17684779-0856-4C17-8111-BCD279381DB5}.Debug|Any CPU.Build.0 = Debug|x64
		{17684779-0856-4C17-8111-BCD279381DB5}.Debug|x64.ActiveCfg = Debug|x64
		{17684779-0856-4C17-8111-BCD279381DB5}.Debug|x64.Build.0 = Debug|x64
		{17684779-0856-4C17-8111-BCD279381DB5}.Debug|x86.ActiveCfg = Debug|x64
		{17684779-0856-4C17-8111-BCD279381DB5}.Debug|x86.Build.0 = Debug|x64
		{17684779-0856-4C17-8111-BCD279381DB5}.Release|Any CPU.ActiveCfg = Release|x64
		{17684779-0856-4C17-8111-BCD279381DB5}.Release|Any CPU.Build.0 = Release|x64
		{17684779-0856-4C17-8111-BCD279381DB5}.Release|x64.ActiveCfg = Release|x64
		{17684779-0856-4C17-8111-BCD279381DB5}.Release|x64.Build.0 = Release|x64
		{17684779-0856-4C17-8111-BCD279381DB5}.Release|x86.ActiveCfg = Release|x64
		{17684779-0856-4C17-8111-BCD279381DB5}.Release|x86.Build.0 = Release|x64
		{9049BE20-8D16-4364-8047-B652016D6A60}.Debug|Any CPU.ActiveCfg = Debug|x64
		{9049BE20-8D16-4364-8047-B652016D6A60}.Debug|Any CPU.Build.0 = Debug|x64
		{9049BE20-8D16-4364-8047-B652016D6A60}.Debug|x64.ActiveCfg = Debug|x64
		{9049BE20-8D16-4364-8047-B652016D6A60}.Debug|x64.Build.0 = Debug|x64
		{9049BE20-8D16-4364-8047-B652016D6A60}.Debug|x86.ActiveCfg = Debug|x64
		{9049BE20-8D16-4364-8047-B652016D6A60}.Debug|x86.Build.0 = Debug|x64
		{9049BE20-8D16-4364-8047-B652016D6A60}.Release|Any CPU.ActiveCfg = Release|x64
		{9049BE20-8D16-4364-8047-B652016D6A60}.Release|Any CPU.Build.0 = Release|x64
		{9049BE20-8D16-4364-8047-B652016D6A60}.Release|x64.ActiveCfg = Release|x64
		{9049BE20-8D16-4364-8047-B652016D6A60}.Release|x64.Build.0 = Release|x64
		{9049BE20-8D16-4364-8047-B652016D6A60}.Release|x86.ActiveCfg = Release|x64
		{9049BE20-8D16-4364-8047-B652016D6A60}.Release|x86.Build.0 = Release|x64
		{800EDBCE-8BE8-4AF8-9C1F-AC23BFE8FE98}.Debug|Any CPU.ActiveCfg = Debug|x64
		{800EDBCE-8BE8-4AF8-9C1F-AC23BFE8FE98}.Debug|Any CPU.Build.0 = Debug|x64
		{800EDBCE-8BE8-4AF8-9C1F-AC23BFE8FE98}.Debug|x64.ActiveCfg = Debug|x64
		{800EDBCE-8BE8-4AF8-9C1F-AC23BFE8FE98}.Debug|x64.Build.0 = Debug|x64
		{800EDBCE-8BE8-4AF8-9C1F-AC23BFE8FE98}.Debug|x86.ActiveCfg = Debug|x64
		{800EDBCE-8BE8-4AF8-9C1F-AC23BFE8FE98}.Debug|x86.Build.0 = Debug|x64
		{800EDBCE-8BE8-4AF8-9C1F-AC23BFE8FE98}.Release|Any CPU.ActiveCfg = Release|x64
		{800EDBCE-8BE8-4AF8-9C1F-AC23BFE8FE98}.Release|Any CPU.Build.0 = Release|x64
		{800EDBCE-8BE8-4AF8-9C1F-AC23BFE8FE98}.Release|x64.ActiveCfg = Release|x64
		{800EDBCE-8BE8-4AF8-9C1F-AC23BFE8FE98}.Release|x64.Build.0 = Release|x64
		{800EDBCE-8BE8-4AF8-9C1F-AC23BFE8FE98}.Release|x86.ActiveCfg = Release|x64
		{800EDBCE-8BE8-4AF8-9C1F-AC23BFE8FE98}.Release|x86.Build.0 = Release|x64
		{507A4F30-B0BF-4C49-9A70-D926708F69AB}.Debug|Any CPU.ActiveCfg = Debug|x64
		{507A4F30-B0BF-4C49-9A70-D926708F69AB}.Debug|Any CPU.Build.0 = Debug|x64
		{507A4F30-B0BF-4C49-9A70-D926708F69AB}.Debug|x64.ActiveCfg = Debug|x64
		{507A4F30-B0BF-4C49-9A70-D926708F69AB}.Debug|x64.Build.0 = Debug|x64
		{507A4F30-B0BF-4C49-9A70-D926708F69AB}.Debug|x86.ActiveCfg = Debug|x64
		{507A4F30-B0BF-4C49-9A70-D926708F69AB}.Debug|x86.Build.0 = Debug|x64
		{507A4F30-B0BF-4C49-9A70-D926708F69AB}.Release|Any CPU.ActiveCfg = Release|x64
		{507A4F30-B0BF-4C49-9A70-D926708F69AB}.Release|Any CPU.Build.0 = Release|x64
		{507A4F30-B0BF-4C49-9A70-D926708F69AB}.Release|x64.ActiveCfg = Release|x64
		{507A4F30-B0BF-4C49-9A70-D926708F69AB}.Release|x64.Build.0 = Release|x64
		{507A4F30-B0BF-4C49-9A70-D926708F69AB}.Release|x86.ActiveCfg = Release|x64
		{507A4F30-B0BF-4C49-9A70-D926708F69AB}.Release|x86.Build.0 = Release|x64
	EndGlobalSection
	GlobalSection(SolutionProperties) = preSolution
		HideSolutionNode = FALSE
	EndGlobalSection
EndGlobal
